
Microsoft Visual Studio Solution File, Format Version 12.00
# Visual Studio Version 16
VisualStudioVersion = 16.0.31729.503
MinimumVisualStudioVersion = 10.0.40219.1
Project("{FAE04EC0-301F-11D3-BF4B-00C04F79EFBC}") = "lab10", "lab10\lab10.csproj", "{12C40515-34A5-4872-ACCE-ABDFC0C5A6FB}"
EndProject
Global
	GlobalSection(SolutionConfigurationPlatforms) = preSolution
		Debug|Any CPU = Debug|Any CPU
		Release|Any CPU = Release|Any CPU
	EndGlobalSection
	GlobalSection(ProjectConfigurationPlatforms) = postSolution
		{12C40515-34A5-4872-ACCE-ABDFC0C5A6FB}.Debug|Any CPU.ActiveCfg = Debug|Any CPU
		{12C40515-34A5-4872-ACCE-ABDFC0C5A6FB}.Debug|Any CPU.Build.0 = Debug|Any CPU
		{12C40515-34A5-4872-ACCE-ABDFC0C5A6FB}.Release|Any CPU.ActiveCfg = Release|Any CPU
		{12C40515-34A5-4872-ACCE-ABDFC0C5A6FB}.Release|Any CPU.Build.0 = Release|Any CPU
	EndGlobalSection
	GlobalSection(SolutionProperties) = preSolution
		HideSolutionNode = FALSE
	EndGlobalSection
	GlobalSection(ExtensibilityGlobals) = postSolution
		SolutionGuid = {45593B6D-C550-445E-A559-27294A42B2E9}
	EndGlobalSection
EndGlobal
